
Microsoft Visual Studio Solution File, Format Version 12.00
# Visual Studio Version 17
VisualStudioVersion = 17.5.33414.496
MinimumVisualStudioVersion = 10.0.40219.1
Project("{FAE04EC0-301F-11D3-BF4B-00C04F79EFBC}") = "PersonalSiteApi", "PersonalSiteApi\PersonalSiteApi.csproj", "{369FACF9-0123-498D-A850-7B2CC10E9CFF}"
EndProject
Global
	GlobalSection(SolutionConfigurationPlatforms) = preSolution
		Debug|Any CPU = Debug|Any CPU
		Release|Any CPU = Release|Any CPU
	EndGlobalSection
	GlobalSection(ProjectConfigurationPlatforms) = postSolution
		{369FACF9-0123-498D-A850-7B2CC10E9CFF}.Debug|Any CPU.ActiveCfg = Debug|Any CPU
		{369FACF9-0123-498D-A850-7B2CC10E9CFF}.Debug|Any CPU.Build.0 = Debug|Any CPU
		{369FACF9-0123-498D-A850-7B2CC10E9CFF}.Release|Any CPU.ActiveCfg = Release|Any CPU
		{369FACF9-0123-498D-A850-7B2CC10E9CFF}.Release|Any CPU.Build.0 = Release|Any CPU
	EndGlobalSection
	GlobalSection(SolutionProperties) = preSolution
		HideSolutionNode = FALSE
	EndGlobalSection
	GlobalSection(ExtensibilityGlobals) = postSolution
		SolutionGuid = {C60991A6-9FD8-4BD3-B466-9BB641AC00E7}
	EndGlobalSection
EndGlobal
